// !$*UTF8*$!
{
	archiveVersion = 1;
	classes = {
	};
	objectVersion = 46;
	objects = {

/* Begin PBXBuildFile section */
		50C960ED1E601993007DADCD /* AppDelegate.swift in Sources */ = {isa = PBXBuildFile; fileRef = 50C960EC1E601993007DADCD /* AppDelegate.swift */; };
		50C960EF1E601993007DADCD /* ViewController.swift in Sources */ = {isa = PBXBuildFile; fileRef = 50C960EE1E601993007DADCD /* ViewController.swift */; };
		50C960F21E601993007DADCD /* Main.storyboard in Resources */ = {isa = PBXBuildFile; fileRef = 50C960F01E601993007DADCD /* Main.storyboard */; };
		50C960F41E601993007DADCD /* Assets.xcassets in Resources */ = {isa = PBXBuildFile; fileRef = 50C960F31E601993007DADCD /* Assets.xcassets */; };
		50C960F71E601993007DADCD /* LaunchScreen.storyboard in Resources */ = {isa = PBXBuildFile; fileRef = 50C960F51E601993007DADCD /* LaunchScreen.storyboard */; };
		50C961021E601993007DADCD /* onemdmTests.swift in Sources */ = {isa = PBXBuildFile; fileRef = 50C961011E601993007DADCD /* onemdmTests.swift */; };
		50C9610D1E601993007DADCD /* onemdmUITests.swift in Sources */ = {isa = PBXBuildFile; fileRef = 50C9610C1E601993007DADCD /* onemdmUITests.swift */; };
/* End PBXBuildFile section */

/* Begin PBXContainerItemProxy section */
		50C960FE1E601993007DADCD /* PBXContainerItemProxy */ = {
			isa = PBXContainerItemProxy;
			containerPortal = 50C960E11E601993007DADCD /* Project object */;
			proxyType = 1;
			remoteGlobalIDString = 50C960E81E601993007DADCD;
			remoteInfo = onemdm;
		};
		50C961091E601993007DADCD /* PBXContainerItemProxy */ = {
			isa = PBXContainerItemProxy;
			containerPortal = 50C960E11E601993007DADCD /* Project object */;
			proxyType = 1;
			remoteGlobalIDString = 50C960E81E601993007DADCD;
			remoteInfo = onemdm;
		};
/* End PBXContainerItemProxy section */

/* Begin PBXFileReference section */
		50C960E91E601993007DADCD /* onemdm.app */ = {isa = PBXFileReference; explicitFileType = wrapper.application; includeInIndex = 0; path = onemdm.app; sourceTree = BUILT_PRODUCTS_DIR; };
		50C960EC1E601993007DADCD /* AppDelegate.swift */ = {isa = PBXFileReference; lastKnownFileType = sourcecode.swift; path = AppDelegate.swift; sourceTree = "<group>"; };
		50C960EE1E601993007DADCD /* ViewController.swift */ = {isa = PBXFileReference; lastKnownFileType = sourcecode.swift; path = ViewController.swift; sourceTree = "<group>"; };
		50C960F11E601993007DADCD /* Base */ = {isa = PBXFileReference; lastKnownFileType = file.storyboard; name = Base; path = Base.lproj/Main.storyboard; sourceTree = "<group>"; };
		50C960F31E601993007DADCD /* Assets.xcassets */ = {isa = PBXFileReference; lastKnownFileType = folder.assetcatalog; path = Assets.xcassets; sourceTree = "<group>"; };
		50C960F61E601993007DADCD /* Base */ = {isa = PBXFileReference; lastKnownFileType = file.storyboard; name = Base; path = Base.lproj/LaunchScreen.storyboard; sourceTree = "<group>"; };
		50C960F81E601993007DADCD /* Info.plist */ = {isa = PBXFileReference; lastKnownFileType = text.plist.xml; path = Info.plist; sourceTree = "<group>"; };
		50C960FD1E601993007DADCD /* onemdmTests.xctest */ = {isa = PBXFileReference; explicitFileType = wrapper.cfbundle; includeInIndex = 0; path = onemdmTests.xctest; sourceTree = BUILT_PRODUCTS_DIR; };
		50C961011E601993007DADCD /* onemdmTests.swift */ = {isa = PBXFileReference; lastKnownFileType = sourcecode.swift; path = onemdmTests.swift; sourceTree = "<group>"; };
		50C961031E601993007DADCD /* Info.plist */ = {isa = PBXFileReference; lastKnownFileType = text.plist.xml; path = Info.plist; sourceTree = "<group>"; };
		50C961081E601993007DADCD /* onemdmUITests.xctest */ = {isa = PBXFileReference; explicitFileType = wrapper.cfbundle; includeInIndex = 0; path = onemdmUITests.xctest; sourceTree = BUILT_PRODUCTS_DIR; };
		50C9610C1E601993007DADCD /* onemdmUITests.swift */ = {isa = PBXFileReference; lastKnownFileType = sourcecode.swift; path = onemdmUITests.swift; sourceTree = "<group>"; };
		50C9610E1E601993007DADCD /* Info.plist */ = {isa = PBXFileReference; lastKnownFileType = text.plist.xml; path = Info.plist; sourceTree = "<group>"; };
/* End PBXFileReference section */

/* Begin PBXFrameworksBuildPhase section */
		50C960E61E601993007DADCD /* Frameworks */ = {
			isa = PBXFrameworksBuildPhase;
			buildActionMask = 2147483647;
			files = (
			);
			runOnlyForDeploymentPostprocessing = 0;
		};
		50C960FA1E601993007DADCD /* Frameworks */ = {
			isa = PBXFrameworksBuildPhase;
			buildActionMask = 2147483647;
			files = (
			);
			runOnlyForDeploymentPostprocessing = 0;
		};
		50C961051E601993007DADCD /* Frameworks */ = {
			isa = PBXFrameworksBuildPhase;
			buildActionMask = 2147483647;
			files = (
			);
			runOnlyForDeploymentPostprocessing = 0;
		};
/* End PBXFrameworksBuildPhase section */

/* Begin PBXGroup section */
		50C960E01E601993007DADCD = {
			isa = PBXGroup;
			children = (
				50C960EB1E601993007DADCD /* onemdm */,
				50C961001E601993007DADCD /* onemdmTests */,
				50C9610B1E601993007DADCD /* onemdmUITests */,
				50C960EA1E601993007DADCD /* Products */,
			);
			sourceTree = "<group>";
		};
		50C960EA1E601993007DADCD /* Products */ = {
			isa = PBXGroup;
			children = (
				50C960E91E601993007DADCD /* onemdm.app */,
				50C960FD1E601993007DADCD /* onemdmTests.xctest */,
				50C961081E601993007DADCD /* onemdmUITests.xctest */,
			);
			name = Products;
			sourceTree = "<group>";
		};
		50C960EB1E601993007DADCD /* onemdm */ = {
			isa = PBXGroup;
			children = (
				50C960EC1E601993007DADCD /* AppDelegate.swift */,
				50C960EE1E601993007DADCD /* ViewController.swift */,
				50C960F01E601993007DADCD /* Main.storyboard */,
				50C960F31E601993007DADCD /* Assets.xcassets */,
				50C960F51E601993007DADCD /* LaunchScreen.storyboard */,
				50C960F81E601993007DADCD /* Info.plist */,
			);
			path = onemdm;
			sourceTree = "<group>";
		};
		50C961001E601993007DADCD /* onemdmTests */ = {
			isa = PBXGroup;
			children = (
				50C961011E601993007DADCD /* onemdmTests.swift */,
				50C961031E601993007DADCD /* Info.plist */,
			);
			path = onemdmTests;
			sourceTree = "<group>";
		};
		50C9610B1E601993007DADCD /* onemdmUITests */ = {
			isa = PBXGroup;
			children = (
				50C9610C1E601993007DADCD /* onemdmUITests.swift */,
				50C9610E1E601993007DADCD /* Info.plist */,
			);
			path = onemdmUITests;
			sourceTree = "<group>";
		};
/* End PBXGroup section */

/* Begin PBXNativeTarget section */
		50C960E81E601993007DADCD /* onemdm */ = {
			isa = PBXNativeTarget;
			buildConfigurationList = 50C961111E601993007DADCD /* Build configuration list for PBXNativeTarget "onemdm" */;
			buildPhases = (
				50C960E51E601993007DADCD /* Sources */,
				50C960E61E601993007DADCD /* Frameworks */,
				50C960E71E601993007DADCD /* Resources */,
			);
			buildRules = (
			);
			dependencies = (
			);
			name = onemdm;
			productName = onemdm;
			productReference = 50C960E91E601993007DADCD /* onemdm.app */;
			productType = "com.apple.product-type.application";
		};
		50C960FC1E601993007DADCD /* onemdmTests */ = {
			isa = PBXNativeTarget;
			buildConfigurationList = 50C961141E601993007DADCD /* Build configuration list for PBXNativeTarget "onemdmTests" */;
			buildPhases = (
				50C960F91E601993007DADCD /* Sources */,
				50C960FA1E601993007DADCD /* Frameworks */,
				50C960FB1E601993007DADCD /* Resources */,
			);
			buildRules = (
			);
			dependencies = (
				50C960FF1E601993007DADCD /* PBXTargetDependency */,
			);
			name = onemdmTests;
			productName = onemdmTests;
			productReference = 50C960FD1E601993007DADCD /* onemdmTests.xctest */;
			productType = "com.apple.product-type.bundle.unit-test";
		};
		50C961071E601993007DADCD /* onemdmUITests */ = {
			isa = PBXNativeTarget;
			buildConfigurationList = 50C961171E601993007DADCD /* Build configuration list for PBXNativeTarget "onemdmUITests" */;
			buildPhases = (
				50C961041E601993007DADCD /* Sources */,
				50C961051E601993007DADCD /* Frameworks */,
				50C961061E601993007DADCD /* Resources */,
			);
			buildRules = (
			);
			dependencies = (
				50C9610A1E601993007DADCD /* PBXTargetDependency */,
			);
			name = onemdmUITests;
			productName = onemdmUITests;
			productReference = 50C961081E601993007DADCD /* onemdmUITests.xctest */;
			productType = "com.apple.product-type.bundle.ui-testing";
		};
/* End PBXNativeTarget section */

/* Begin PBXProject section */
		50C960E11E601993007DADCD /* Project object */ = {
			isa = PBXProject;
			attributes = {
				LastSwiftUpdateCheck = 0800;
				LastUpgradeCheck = 0800;
				ORGANIZATIONNAME = "Multunus Software";
				TargetAttributes = {
					50C960E81E601993007DADCD = {
						CreatedOnToolsVersion = 8.0;
						DevelopmentTeam = T7U7ZSM986;
						ProvisioningStyle = Automatic;
					};
					50C960FC1E601993007DADCD = {
						CreatedOnToolsVersion = 8.0;
						DevelopmentTeam = T7U7ZSM986;
						ProvisioningStyle = Automatic;
						TestTargetID = 50C960E81E601993007DADCD;
					};
					50C961071E601993007DADCD = {
						CreatedOnToolsVersion = 8.0;
						DevelopmentTeam = T7U7ZSM986;
						ProvisioningStyle = Automatic;
						TestTargetID = 50C960E81E601993007DADCD;
					};
				};
			};
			buildConfigurationList = 50C960E41E601993007DADCD /* Build configuration list for PBXProject "onemdm" */;
			compatibilityVersion = "Xcode 3.2";
			developmentRegion = English;
			hasScannedForEncodings = 0;
			knownRegions = (
				en,
				Base,
			);
			mainGroup = 50C960E01E601993007DADCD;
			productRefGroup = 50C960EA1E601993007DADCD /* Products */;
			projectDirPath = "";
			projectRoot = "";
			targets = (
				50C960E81E601993007DADCD /* onemdm */,
				50C960FC1E601993007DADCD /* onemdmTests */,
				50C961071E601993007DADCD /* onemdmUITests */,
			);
		};
/* End PBXProject section */

/* Begin PBXResourcesBuildPhase section */
		50C960E71E601993007DADCD /* Resources */ = {
			isa = PBXResourcesBuildPhase;
			buildActionMask = 2147483647;
			files = (
				50C960F71E601993007DADCD /* LaunchScreen.storyboard in Resources */,
				50C960F41E601993007DADCD /* Assets.xcassets in Resources */,
				50C960F21E601993007DADCD /* Main.storyboard in Resources */,
			);
			runOnlyForDeploymentPostprocessing = 0;
		};
		50C960FB1E601993007DADCD /* Resources */ = {
			isa = PBXResourcesBuildPhase;
			buildActionMask = 2147483647;
			files = (
			);
			runOnlyForDeploymentPostprocessing = 0;
		};
		50C961061E601993007DADCD /* Resources */ = {
			isa = PBXResourcesBuildPhase;
			buildActionMask = 2147483647;
			files = (
			);
			runOnlyForDeploymentPostprocessing = 0;
		};
/* End PBXResourcesBuildPhase section */

/* Begin PBXSourcesBuildPhase section */
		50C960E51E601993007DADCD /* Sources */ = {
			isa = PBXSourcesBuildPhase;
			buildActionMask = 2147483647;
			files = (
				50C960EF1E601993007DADCD /* ViewController.swift in Sources */,
				50C960ED1E601993007DADCD /* AppDelegate.swift in Sources */,
			);
			runOnlyForDeploymentPostprocessing = 0;
		};
		50C960F91E601993007DADCD /* Sources */ = {
			isa = PBXSourcesBuildPhase;
			buildActionMask = 2147483647;
			files = (
				50C961021E601993007DADCD /* onemdmTests.swift in Sources */,
			);
			runOnlyForDeploymentPostprocessing = 0;
		};
		50C961041E601993007DADCD /* Sources */ = {
			isa = PBXSourcesBuildPhase;
			buildActionMask = 2147483647;
			files = (
				50C9610D1E601993007DADCD /* onemdmUITests.swift in Sources */,
			);
			runOnlyForDeploymentPostprocessing = 0;
		};
/* End PBXSourcesBuildPhase section */

/* Begin PBXTargetDependency section */
		50C960FF1E601993007DADCD /* PBXTargetDependency */ = {
			isa = PBXTargetDependency;
			target = 50C960E81E601993007DADCD /* onemdm */;
			targetProxy = 50C960FE1E601993007DADCD /* PBXContainerItemProxy */;
		};
		50C9610A1E601993007DADCD /* PBXTargetDependency */ = {
			isa = PBXTargetDependency;
			target = 50C960E81E601993007DADCD /* onemdm */;
			targetProxy = 50C961091E601993007DADCD /* PBXContainerItemProxy */;
		};
/* End PBXTargetDependency section */

/* Begin PBXVariantGroup section */
		50C960F01E601993007DADCD /* Main.storyboard */ = {
			isa = PBXVariantGroup;
			children = (
				50C960F11E601993007DADCD /* Base */,
			);
			name = Main.storyboard;
			sourceTree = "<group>";
		};
		50C960F51E601993007DADCD /* LaunchScreen.storyboard */ = {
			isa = PBXVariantGroup;
			children = (
				50C960F61E601993007DADCD /* Base */,
			);
			name = LaunchScreen.storyboard;
			sourceTree = "<group>";
		};
/* End PBXVariantGroup section */

/* Begin XCBuildConfiguration section */
		50C9610F1E601993007DADCD /* Debug */ = {
			isa = XCBuildConfiguration;
			buildSettings = {
				ALWAYS_SEARCH_USER_PATHS = NO;
				CLANG_ANALYZER_NONNULL = YES;
				CLANG_CXX_LANGUAGE_STANDARD = "gnu++0x";
				CLANG_CXX_LIBRARY = "libc++";
				CLANG_ENABLE_MODULES = YES;
				CLANG_ENABLE_OBJC_ARC = YES;
				CLANG_WARN_BOOL_CONVERSION = YES;
				CLANG_WARN_CONSTANT_CONVERSION = YES;
				CLANG_WARN_DIRECT_OBJC_ISA_USAGE = YES_ERROR;
				CLANG_WARN_DOCUMENTATION_COMMENTS = YES;
				CLANG_WARN_EMPTY_BODY = YES;
				CLANG_WARN_ENUM_CONVERSION = YES;
				CLANG_WARN_INFINITE_RECURSION = YES;
				CLANG_WARN_INT_CONVERSION = YES;
				CLANG_WARN_OBJC_ROOT_CLASS = YES_ERROR;
				CLANG_WARN_SUSPICIOUS_MOVES = YES;
				CLANG_WARN_UNREACHABLE_CODE = YES;
				CLANG_WARN__DUPLICATE_METHOD_MATCH = YES;
				"CODE_SIGN_IDENTITY[sdk=iphoneos*]" = "iPhone Developer";
				COPY_PHASE_STRIP = NO;
				DEBUG_INFORMATION_FORMAT = dwarf;
				ENABLE_STRICT_OBJC_MSGSEND = YES;
				ENABLE_TESTABILITY = YES;
				GCC_C_LANGUAGE_STANDARD = gnu99;
				GCC_DYNAMIC_NO_PIC = NO;
				GCC_NO_COMMON_BLOCKS = YES;
				GCC_OPTIMIZATION_LEVEL = 0;
				GCC_PREPROCESSOR_DEFINITIONS = (
					"DEBUG=1",
					"$(inherited)",
				);
				GCC_WARN_64_TO_32_BIT_CONVERSION = YES;
				GCC_WARN_ABOUT_RETURN_TYPE = YES_ERROR;
				GCC_WARN_UNDECLARED_SELECTOR = YES;
				GCC_WARN_UNINITIALIZED_AUTOS = YES_AGGRESSIVE;
				GCC_WARN_UNUSED_FUNCTION = YES;
				GCC_WARN_UNUSED_VARIABLE = YES;
				IPHONEOS_DEPLOYMENT_TARGET = 10.0;
				MTL_ENABLE_DEBUG_INFO = YES;
				ONLY_ACTIVE_ARCH = YES;
				SDKROOT = iphoneos;
				SWIFT_ACTIVE_COMPILATION_CONDITIONS = DEBUG;
				SWIFT_OPTIMIZATION_LEVEL = "-Onone";
				TARGETED_DEVICE_FAMILY = "1,2";
			};
			name = Debug;
		};
		50C961101E601993007DADCD /* Release */ = {
			isa = XCBuildConfiguration;
			buildSettings = {
				ALWAYS_SEARCH_USER_PATHS = NO;
				CLANG_ANALYZER_NONNULL = YES;
				CLANG_CXX_LANGUAGE_STANDARD = "gnu++0x";
				CLANG_CXX_LIBRARY = "libc++";
				CLANG_ENABLE_MODULES = YES;
				CLANG_ENABLE_OBJC_ARC = YES;
				CLANG_WARN_BOOL_CONVERSION = YES;
				CLANG_WARN_CONSTANT_CONVERSION = YES;
				CLANG_WARN_DIRECT_OBJC_ISA_USAGE = YES_ERROR;
				CLANG_WARN_DOCUMENTATION_COMMENTS = YES;
				CLANG_WARN_EMPTY_BODY = YES;
				CLANG_WARN_ENUM_CONVERSION = YES;
				CLANG_WARN_INFINITE_RECURSION = YES;
				CLANG_WARN_INT_CONVERSION = YES;
				CLANG_WARN_OBJC_ROOT_CLASS = YES_ERROR;
				CLANG_WARN_SUSPICIOUS_MOVES = YES;
				CLANG_WARN_UNREACHABLE_CODE = YES;
				CLANG_WARN__DUPLICATE_METHOD_MATCH = YES;
				"CODE_SIGN_IDENTITY[sdk=iphoneos*]" = "iPhone Developer";
				COPY_PHASE_STRIP = NO;
				DEBUG_INFORMATION_FORMAT = "dwarf-with-dsym";
				ENABLE_NS_ASSERTIONS = NO;
				ENABLE_STRICT_OBJC_MSGSEND = YES;
				GCC_C_LANGUAGE_STANDARD = gnu99;
				GCC_NO_COMMON_BLOCKS = YES;
				GCC_WARN_64_TO_32_BIT_CONVERSION = YES;
				GCC_WARN_ABOUT_RETURN_TYPE = YES_ERROR;
				GCC_WARN_UNDECLARED_SELECTOR = YES;
				GCC_WARN_UNINITIALIZED_AUTOS = YES_AGGRESSIVE;
				GCC_WARN_UNUSED_FUNCTION = YES;
				GCC_WARN_UNUSED_VARIABLE = YES;
				IPHONEOS_DEPLOYMENT_TARGET = 10.0;
				MTL_ENABLE_DEBUG_INFO = NO;
				SDKROOT = iphoneos;
				SWIFT_OPTIMIZATION_LEVEL = "-Owholemodule";
				TARGETED_DEVICE_FAMILY = "1,2";
				VALIDATE_PRODUCT = YES;
			};
			name = Release;
		};
		50C961121E601993007DADCD /* Debug */ = {
			isa = XCBuildConfiguration;
			buildSettings = {
				ASSETCATALOG_COMPILER_APPICON_NAME = AppIcon;
				DEVELOPMENT_TEAM = T7U7ZSM986;
				INFOPLIST_FILE = onemdm/Info.plist;
				LD_RUNPATH_SEARCH_PATHS = "$(inherited) @executable_path/Frameworks";
				PRODUCT_BUNDLE_IDENTIFIER = multunus.onemdm;
				PRODUCT_NAME = "$(TARGET_NAME)";
				SWIFT_VERSION = 3.0;
			};
			name = Debug;
		};
		50C961131E601993007DADCD /* Release */ = {
			isa = XCBuildConfiguration;
			buildSettings = {
				ASSETCATALOG_COMPILER_APPICON_NAME = AppIcon;
				DEVELOPMENT_TEAM = T7U7ZSM986;
				INFOPLIST_FILE = onemdm/Info.plist;
				LD_RUNPATH_SEARCH_PATHS = "$(inherited) @executable_path/Frameworks";
				PRODUCT_BUNDLE_IDENTIFIER = multunus.onemdm;
				PRODUCT_NAME = "$(TARGET_NAME)";
				SWIFT_VERSION = 3.0;
			};
			name = Release;
		};
		50C961151E601993007DADCD /* Debug */ = {
			isa = XCBuildConfiguration;
			buildSettings = {
				ALWAYS_EMBED_SWIFT_STANDARD_LIBRARIES = YES;
				BUNDLE_LOADER = "$(TEST_HOST)";
				DEVELOPMENT_TEAM = T7U7ZSM986;
				INFOPLIST_FILE = onemdmTests/Info.plist;
				LD_RUNPATH_SEARCH_PATHS = "$(inherited) @executable_path/Frameworks @loader_path/Frameworks";
				PRODUCT_BUNDLE_IDENTIFIER = multunus.onemdmTests;
				PRODUCT_NAME = "$(TARGET_NAME)";
				SWIFT_VERSION = 3.0;
				TEST_HOST = "$(BUILT_PRODUCTS_DIR)/onemdm.app/onemdm";
			};
			name = Debug;
		};
		50C961161E601993007DADCD /* Release */ = {
			isa = XCBuildConfiguration;
			buildSettings = {
				ALWAYS_EMBED_SWIFT_STANDARD_LIBRARIES = YES;
				BUNDLE_LOADER = "$(TEST_HOST)";
				DEVELOPMENT_TEAM = T7U7ZSM986;
				INFOPLIST_FILE = onemdmTests/Info.plist;
				LD_RUNPATH_SEARCH_PATHS = "$(inherited) @executable_path/Frameworks @loader_path/Frameworks";
				PRODUCT_BUNDLE_IDENTIFIER = multunus.onemdmTests;
				PRODUCT_NAME = "$(TARGET_NAME)";
				SWIFT_VERSION = 3.0;
				TEST_HOST = "$(BUILT_PRODUCTS_DIR)/onemdm.app/onemdm";
			};
			name = Release;
		};
		50C961181E601993007DADCD /* Debug */ = {
			isa = XCBuildConfiguration;
			buildSettings = {
				ALWAYS_EMBED_SWIFT_STANDARD_LIBRARIES = YES;
				DEVELOPMENT_TEAM = T7U7ZSM986;
				INFOPLIST_FILE = onemdmUITests/Info.plist;
				LD_RUNPATH_SEARCH_PATHS = "$(inherited) @executable_path/Frameworks @loader_path/Frameworks";
				PRODUCT_BUNDLE_IDENTIFIER = multunus.onemdmUITests;
				PRODUCT_NAME = "$(TARGET_NAME)";
				SWIFT_VERSION = 3.0;
				TEST_TARGET_NAME = onemdm;
			};
			name = Debug;
		};
		50C961191E601993007DADCD /* Release */ = {
			isa = XCBuildConfiguration;
			buildSettings = {
				ALWAYS_EMBED_SWIFT_STANDARD_LIBRARIES = YES;
				DEVELOPMENT_TEAM = T7U7ZSM986;
				INFOPLIST_FILE = onemdmUITests/Info.plist;
				LD_RUNPATH_SEARCH_PATHS = "$(inherited) @executable_path/Frameworks @loader_path/Frameworks";
				PRODUCT_BUNDLE_IDENTIFIER = multunus.onemdmUITests;
				PRODUCT_NAME = "$(TARGET_NAME)";
				SWIFT_VERSION = 3.0;
				TEST_TARGET_NAME = onemdm;
			};
			name = Release;
		};
/* End XCBuildConfiguration section */

/* Begin XCConfigurationList section */
		50C960E41E601993007DADCD /* Build configuration list for PBXProject "onemdm" */ = {
			isa = XCConfigurationList;
			buildConfigurations = (
				50C9610F1E601993007DADCD /* Debug */,
				50C961101E601993007DADCD /* Release */,
			);
			defaultConfigurationIsVisible = 0;
			defaultConfigurationName = Release;
		};
		50C961111E601993007DADCD /* Build configuration list for PBXNativeTarget "onemdm" */ = {
			isa = XCConfigurationList;
			buildConfigurations = (
				50C961121E601993007DADCD /* Debug */,
				50C961131E601993007DADCD /* Release */,
			);
			defaultConfigurationIsVisible = 0;
		};
		50C961141E601993007DADCD /* Build configuration list for PBXNativeTarget "onemdmTests" */ = {
			isa = XCConfigurationList;
			buildConfigurations = (
				50C961151E601993007DADCD /* Debug */,
				50C961161E601993007DADCD /* Release */,
			);
			defaultConfigurationIsVisible = 0;
		};
		50C961171E601993007DADCD /* Build configuration list for PBXNativeTarget "onemdmUITests" */ = {
			isa = XCConfigurationList;
			buildConfigurations = (
				50C961181E601993007DADCD /* Debug */,
				50C961191E601993007DADCD /* Release */,
			);
			defaultConfigurationIsVisible = 0;
		};
/* End XCConfigurationList section */
	};
	rootObject = 50C960E11E601993007DADCD /* Project object */;
}
